
Microsoft Visual Studio Solution File, Format Version 12.00
# Visual Studio 15
VisualStudioVersion = 15.0.28307.489
MinimumVisualStudioVersion = 10.0.40219.1
Project("{8BC9CEB8-8B4A-11D0-8D11-00A0C91BC942}") = "OpenGLVS", "OpenGLVS\OpenGLVS.vcxproj", "{65734B16-8D80-4CCA-A741-7D593232022F}"
EndProject
Global
	GlobalSection(SolutionConfigurationPlatforms) = preSolution
		Debug|x64 = Debug|x64
		Debug|x86 = Debug|x86
		Release|x64 = Release|x64
		Release|x86 = Release|x86
	EndGlobalSection
	GlobalSection(ProjectConfigurationPlatforms) = postSolution
		{65734B16-8D80-4CCA-A741-7D593232022F}.Debug|x64.ActiveCfg = Debug|x64
		{65734B16-8D80-4CCA-A741-7D593232022F}.Debug|x64.Build.0 = Debug|x64
		{65734B16-8D80-4CCA-A741-7D593232022F}.Debug|x86.ActiveCfg = Debug|Win32
		{65734B16-8D80-4CCA-A741-7D593232022F}.Debug|x86.Build.0 = Debug|Win32
		{65734B16-8D80-4CCA-A741-7D593232022F}.Release|x64.ActiveCfg = Release|x64
		{65734B16-8D80-4CCA-A741-7D593232022F}.Release|x64.Build.0 = Release|x64
		{65734B16-8D80-4CCA-A741-7D593232022F}.Release|x86.ActiveCfg = Release|Win32
		{65734B16-8D80-4CCA-A741-7D593232022F}.Release|x86.Build.0 = Release|Win32
	EndGlobalSection
	GlobalSection(SolutionProperties) = preSolution
		HideSolutionNode = FALSE
	EndGlobalSection
	GlobalSection(ExtensibilityGlobals) = postSolution
		SolutionGuid = {3F82D648-AA3A-4B37-8DD8-6CA5617308CE}
	EndGlobalSection
EndGlobal
